<?xml version="1.0" encoding="utf-8"?>
<Project ToolsVersion="4.0" xmlns="http://schemas.microsoft.com/developer/msbuild/2003">
  <ItemGroup>
    <Filter Include="Win32">
      <UniqueIdentifier>{4FC737F1-C7A5-4376-A066-2A32D752A2FF}</UniqueIdentifier>
      <Extensions>cpp;c;cc;cxx;def;odl;idl;hpj;bat;asm;asmx</Extensions>
    </Filter>
    <Filter Include="Scene">
      <UniqueIdentifier>{dbac7cde-f252-40d2-b952-283490fa9a62}</UniqueIdentifier>
    </Filter>
    <Filter Include="Player">
      <UniqueIdentifier>{366a7c5c-2df3-42fc-a797-c5560b91364d}</UniqueIdentifier>
    </Filter>
    <Filter Include="Character">
      <UniqueIdentifier>{3170486a-84bb-4930-a465-eac2f81f6310}</UniqueIdentifier>
    </Filter>
    <Filter Include="Scene\Environment">
      <UniqueIdentifier>{c0cb755e-35b8-4fdc-89b8-c597160ccf9d}</UniqueIdentifier>
    </Filter>
    <Filter Include="Scene\Objects">
      <UniqueIdentifier>{30ca701b-63f9-4417-9a35-ae3e59c26223}</UniqueIdentifier>
    </Filter>
    <Filter Include="GameLogic">
      <UniqueIdentifier>{919601a6-5c8f-474d-91d8-1cd4edbe7ab9}</UniqueIdentifier>
    </Filter>
    <Filter Include="Network">
      <UniqueIdentifier>{5c96a5c6-3ea4-43b4-b114-57b5ef9ca1ca}</UniqueIdentifier>
    </Filter>
  </ItemGroup>
  <ItemGroup>
    <ClCompile Include="main.cpp">
      <Filter>Win32</Filter>
    </ClCompile>
    <ClCompile Include="PlayScene.cpp">
      <Filter>Scene</Filter>
    </ClCompile>
    <ClCompile Include="Character.cpp">
      <Filter>Character</Filter>
    </ClCompile>
    <ClCompile Include="Player.cpp">
      <Filter>Player</Filter>
    </ClCompile>
    <ClCompile Include="Debris.cpp">
      <Filter>Scene\Objects</Filter>
    </ClCompile>
    <ClCompile Include="GameManager.cpp">
      <Filter>GameLogic</Filter>
    </ClCompile>
    <ClCompile Include="GameData.cpp">
      <Filter>GameLogic</Filter>
    </ClCompile>
  </ItemGroup>
  <ItemGroup>
    <ClInclude Include="main.h">
      <Filter>Win32</Filter>
    </ClInclude>
    <ClInclude Include="PlayScene.h">
      <Filter>Scene</Filter>
    </ClInclude>
    <ClInclude Include="Character.h">
      <Filter>Character</Filter>
    </ClInclude>
    <ClInclude Include="Player.h">
      <Filter>Player</Filter>
    </ClInclude>
    <ClInclude Include="Debris.h">
      <Filter>Scene\Objects</Filter>
    </ClInclude>
    <ClInclude Include="GameManager.h">
      <Filter>GameLogic</Filter>
    </ClInclude>
    <ClInclude Include="GameData.h">
      <Filter>GameLogic</Filter>
    </ClInclude>
    <ClInclude Include="..\..\PacketType.h">
      <Filter>Network</Filter>
    </ClInclude>
  </ItemGroup>
</Project>