<?xml version="1.0" encoding="utf-8"?>
<Project ToolsVersion="4.0" xmlns="http://schemas.microsoft.com/developer/msbuild/2003">
  <ItemGroup>
    <Filter Include="Win32">
      <UniqueIdentifier>{4FC737F1-C7A5-4376-A066-2A32D752A2FF}</UniqueIdentifier>
      <Extensions>cpp;c;cc;cxx;def;odl;idl;hpj;bat;asm;asmx</Extensions>
    </Filter>
    <Filter Include="Scene">
      <UniqueIdentifier>{dbac7cde-f252-40d2-b952-283490fa9a62}</UniqueIdentifier>
    </Filter>
    <Filter Include="Scene\Environment">
      <UniqueIdentifier>{c0cb755e-35b8-4fdc-89b8-c597160ccf9d}</UniqueIdentifier>
    </Filter>
    <Filter Include="Scene\Objects">
      <UniqueIdentifier>{30ca701b-63f9-4417-9a35-ae3e59c26223}</UniqueIdentifier>
    </Filter>
    <Filter Include="Scene\Character">
      <UniqueIdentifier>{3170486a-84bb-4930-a465-eac2f81f6310}</UniqueIdentifier>
    </Filter>
    <Filter Include="Scene\Scene">
      <UniqueIdentifier>{eaa142cd-4097-4285-83c1-d67dfb295c87}</UniqueIdentifier>
    </Filter>
    <Filter Include="Scene\Player">
      <UniqueIdentifier>{366a7c5c-2df3-42fc-a797-c5560b91364d}</UniqueIdentifier>
    </Filter>
    <Filter Include="Network">
      <UniqueIdentifier>{5c96a5c6-3ea4-43b4-b114-57b5ef9ca1ca}</UniqueIdentifier>
    </Filter>
    <Filter Include="GameManagers">
      <UniqueIdentifier>{919601a6-5c8f-474d-91d8-1cd4edbe7ab9}</UniqueIdentifier>
    </Filter>
    <Filter Include="Scene\obj">
      <UniqueIdentifier>{2764fdb6-45b6-4105-ba5e-15f7ef1d8afd}</UniqueIdentifier>
    </Filter>
  </ItemGroup>
  <ItemGroup>
    <ClCompile Include="main.cpp">
      <Filter>Win32</Filter>
    </ClCompile>
    <ClCompile Include="Player.cpp">
      <Filter>Scene\Player</Filter>
    </ClCompile>
    <ClCompile Include="Debris.cpp">
      <Filter>Scene\Objects</Filter>
    </ClCompile>
    <ClCompile Include="GameData.cpp">
      <Filter>GameManagers</Filter>
    </ClCompile>
    <ClCompile Include="stdafx.cpp" />
    <ClCompile Include="NetworkManager.cpp">
      <Filter>Network</Filter>
    </ClCompile>
    <ClCompile Include="PlayScene.cpp">
      <Filter>Scene\Scene</Filter>
    </ClCompile>
    <ClCompile Include="PlayerManager.cpp">
      <Filter>GameManagers</Filter>
    </ClCompile>
    <ClCompile Include="SceneManager.cpp">
      <Filter>GameManagers</Filter>
    </ClCompile>
    <ClCompile Include="CharacterModel.cpp">
      <Filter>Scene\Character</Filter>
    </ClCompile>
    <ClCompile Include="UIManager.cpp">
      <Filter>GameManagers</Filter>
    </ClCompile>
    <ClCompile Include="ObjectManager.cpp">
      <Filter>Scene\Objects</Filter>
    </ClCompile>
    <ClCompile Include="CompassUI.cpp">
      <Filter>Scene\Player</Filter>
    </ClCompile>
    <ClCompile Include="SkyBox.cpp">
      <Filter>Scene\Objects</Filter>
    </ClCompile>
    <ClCompile Include="ObjectISS.cpp">
      <Filter>Scene\Objects</Filter>
    </ClCompile>
    <ClCompile Include="ISSModel.cpp">
      <Filter>Scene\Objects</Filter>
    </ClCompile>
    <ClCompile Include="DDLight.cpp">
      <Filter>Scene\obj</Filter>
    </ClCompile>
    <ClCompile Include="DDModel.cpp">
      <Filter>Scene\obj</Filter>
    </ClCompile>
    <ClCompile Include="DDUI.cpp">
      <Filter>Scene\obj</Filter>
    </ClCompile>
    <ClCompile Include="DDCamera.cpp">
      <Filter>Scene\obj</Filter>
    </ClCompile>
    <ClCompile Include="ClientObject.cpp">
      <Filter>Scene\obj</Filter>
    </ClCompile>
  </ItemGroup>
  <ItemGroup>
    <ClInclude Include="main.h">
      <Filter>Win32</Filter>
    </ClInclude>
    <ClInclude Include="Player.h">
      <Filter>Scene\Player</Filter>
    </ClInclude>
    <ClInclude Include="Debris.h">
      <Filter>Scene\Objects</Filter>
    </ClInclude>
    <ClInclude Include="GameData.h">
      <Filter>GameManagers</Filter>
    </ClInclude>
    <ClInclude Include="..\..\PacketType.h">
      <Filter>Network</Filter>
    </ClInclude>
    <ClInclude Include="stdafx.h" />
    <ClInclude Include="NetworkManager.h">
      <Filter>Network</Filter>
    </ClInclude>
    <ClInclude Include="PlayScene.h">
      <Filter>Scene\Scene</Filter>
    </ClInclude>
    <ClInclude Include="PlayerManager.h">
      <Filter>GameManagers</Filter>
    </ClInclude>
    <ClInclude Include="SceneManager.h">
      <Filter>GameManagers</Filter>
    </ClInclude>
    <ClInclude Include="CharacterModel.h">
      <Filter>Scene\Character</Filter>
    </ClInclude>
    <ClInclude Include="UIManager.h">
      <Filter>GameManagers</Filter>
    </ClInclude>
    <ClInclude Include="ObjectManager.h">
      <Filter>Scene\Objects</Filter>
    </ClInclude>
    <ClInclude Include="CompassUI.h">
      <Filter>Scene\Player</Filter>
    </ClInclude>
    <ClInclude Include="SkyBox.h">
      <Filter>Scene\Objects</Filter>
    </ClInclude>
    <ClInclude Include="ObjectISS.h">
      <Filter>Scene\Objects</Filter>
    </ClInclude>
    <ClInclude Include="ISSModel.h">
      <Filter>Scene\Objects</Filter>
    </ClInclude>
    <ClInclude Include="DDLight.h">
      <Filter>Scene\obj</Filter>
    </ClInclude>
    <ClInclude Include="DDModel.h">
      <Filter>Scene\obj</Filter>
    </ClInclude>
    <ClInclude Include="DDUI.h">
      <Filter>Scene\obj</Filter>
    </ClInclude>
    <ClInclude Include="DDCamera.h">
      <Filter>Scene\obj</Filter>
    </ClInclude>
    <ClInclude Include="ClientObject.h">
      <Filter>Scene\obj</Filter>
    </ClInclude>
  </ItemGroup>
</Project>