<?xml version="1.0" encoding="utf-8"?>
<Project ToolsVersion="4.0" xmlns="http://schemas.microsoft.com/developer/msbuild/2003">
  <ItemGroup>
    <Filter Include="Header Files">
      <UniqueIdentifier>{93995380-89BD-4b04-88EB-625FBE52EBFB}</UniqueIdentifier>
      <Extensions>h;hh;hpp;hxx;hm;inl;inc;xsd</Extensions>
    </Filter>
    <Filter Include="temp">
      <UniqueIdentifier>{3d5b78ca-294f-4f9c-b522-3ef7b15d7846}</UniqueIdentifier>
    </Filter>
  </ItemGroup>
  <ItemGroup>
    <Text Include="ReadMe.txt" />
  </ItemGroup>
  <ItemGroup>
    <ClInclude Include="stdafx.h">
      <Filter>Header Files</Filter>
    </ClInclude>
    <ClInclude Include="targetver.h">
      <Filter>Header Files</Filter>
    </ClInclude>
    <ClInclude Include="Actor.h">
      <Filter>temp</Filter>
    </ClInclude>
    <ClInclude Include="ActorManager.h">
      <Filter>temp</Filter>
    </ClInclude>
    <ClInclude Include="Bot.h">
      <Filter>temp</Filter>
    </ClInclude>
    <ClInclude Include="Character.h">
      <Filter>temp</Filter>
    </ClInclude>
    <ClInclude Include="CollisionBox.h">
      <Filter>temp</Filter>
    </ClInclude>
    <ClInclude Include="GameConfig.h">
      <Filter>temp</Filter>
    </ClInclude>
    <ClInclude Include="Physics.h">
      <Filter>temp</Filter>
    </ClInclude>
    <ClInclude Include="Player.h">
      <Filter>temp</Filter>
    </ClInclude>
  </ItemGroup>
  <ItemGroup>
    <ClCompile Include="stdafx.cpp">
      <Filter>Header Files</Filter>
    </ClCompile>
    <ClCompile Include="Actor.cpp">
      <Filter>temp</Filter>
    </ClCompile>
    <ClCompile Include="ActorManager.cpp">
      <Filter>temp</Filter>
    </ClCompile>
    <ClCompile Include="Bot.cpp">
      <Filter>temp</Filter>
    </ClCompile>
    <ClCompile Include="Character.cpp">
      <Filter>temp</Filter>
    </ClCompile>
    <ClCompile Include="Player.cpp">
      <Filter>temp</Filter>
    </ClCompile>
  </ItemGroup>
</Project>