<?xml version="1.0" encoding="utf-8"?>
<Project ToolsVersion="4.0" xmlns="http://schemas.microsoft.com/developer/msbuild/2003">
  <ItemGroup>
    <Filter Include="Object">
      <UniqueIdentifier>{a0de131e-b2eb-4100-803b-c9c24a6c430e}</UniqueIdentifier>
    </Filter>
    <Filter Include="Object\Actor">
      <UniqueIdentifier>{d68c1acb-d289-4b1b-b898-a9853506cf78}</UniqueIdentifier>
    </Filter>
    <Filter Include="PCH">
      <UniqueIdentifier>{93995380-89BD-4b04-88EB-625FBE52EBFB}</UniqueIdentifier>
      <Extensions>h;hh;hpp;hxx;hm;inl;inc;xsd</Extensions>
    </Filter>
    <Filter Include="Component">
      <UniqueIdentifier>{0e77bce5-f4f0-4e0d-bf65-23529994d65b}</UniqueIdentifier>
    </Filter>
    <Filter Include="Component\Component">
      <UniqueIdentifier>{7f91ef3e-1881-484c-9e49-26b952aea1a1}</UniqueIdentifier>
    </Filter>
    <Filter Include="Component\Component\PhysicsComponent">
      <UniqueIdentifier>{7ddc28f5-6f37-4eec-9148-7550f425fe79}</UniqueIdentifier>
    </Filter>
    <Filter Include="Component\Component\PlayerComponent">
      <UniqueIdentifier>{3adb408f-0cc2-4c7e-8443-36fa05dcf561}</UniqueIdentifier>
    </Filter>
    <Filter Include="Component\Component\CollideComponent">
      <UniqueIdentifier>{622ce963-18f2-4cf0-8540-686583de674b}</UniqueIdentifier>
    </Filter>
    <Filter Include="Config">
      <UniqueIdentifier>{f1688e19-2cb0-4e32-a27f-94af390d7c9d}</UniqueIdentifier>
    </Filter>
    <Filter Include="Logic">
      <UniqueIdentifier>{bbf3aa62-c22a-42b9-b4bf-423e9066f6cd}</UniqueIdentifier>
    </Filter>
    <Filter Include="Component\Component\PlayerComponent\Class">
      <UniqueIdentifier>{11aeb9fe-4e70-4766-b140-93b317fb36a7}</UniqueIdentifier>
    </Filter>
  </ItemGroup>
  <ItemGroup>
    <Text Include="ReadMe.txt" />
  </ItemGroup>
  <ItemGroup>
    <ClInclude Include="stdafx.h">
      <Filter>PCH</Filter>
    </ClInclude>
    <ClInclude Include="targetver.h">
      <Filter>PCH</Filter>
    </ClInclude>
    <ClInclude Include="ActorManager.h">
      <Filter>Object</Filter>
    </ClInclude>
    <ClInclude Include="GameConfig.h">
      <Filter>Config</Filter>
    </ClInclude>
    <ClInclude Include="CollisionBox.h">
      <Filter>Component\Component\CollideComponent</Filter>
    </ClInclude>
    <ClInclude Include="Collide.h">
      <Filter>Component\Component\CollideComponent</Filter>
    </ClInclude>
    <ClInclude Include="Rigidbody.h">
      <Filter>Component\Component\PhysicsComponent</Filter>
    </ClInclude>
    <ClInclude Include="Physics.h">
      <Filter>Logic</Filter>
    </ClInclude>
    <ClInclude Include="Bot.h">
      <Filter>Object\Actor</Filter>
    </ClInclude>
    <ClInclude Include="Actor.h">
      <Filter>Object\Actor</Filter>
    </ClInclude>
    <ClInclude Include="GameMacro.h">
      <Filter>Config</Filter>
    </ClInclude>
    <ClInclude Include="GameOption.h">
      <Filter>Config</Filter>
    </ClInclude>
    <ClInclude Include="Engineer.h">
      <Filter>Component\Component\PlayerComponent\Class</Filter>
    </ClInclude>
    <ClInclude Include="Protector.h">
      <Filter>Component\Component\PlayerComponent\Class</Filter>
    </ClInclude>
    <ClInclude Include="Striker.h">
      <Filter>Component\Component\PlayerComponent\Class</Filter>
    </ClInclude>
    <ClInclude Include="BaseObject.h">
      <Filter>Object</Filter>
    </ClInclude>
    <ClInclude Include="Character.h">
      <Filter>Object\Actor</Filter>
    </ClInclude>
    <ClInclude Include="ClassComponent.h">
      <Filter>Component\Component\PlayerComponent</Filter>
    </ClInclude>
  </ItemGroup>
  <ItemGroup>
    <ClCompile Include="stdafx.cpp">
      <Filter>PCH</Filter>
    </ClCompile>
    <ClCompile Include="ActorManager.cpp">
      <Filter>Object</Filter>
    </ClCompile>
    <ClCompile Include="Bot.cpp">
      <Filter>Object\Actor</Filter>
    </ClCompile>
    <ClCompile Include="Actor.cpp">
      <Filter>Object\Actor</Filter>
    </ClCompile>
    <ClCompile Include="Engineer.cpp">
      <Filter>Component\Component\PlayerComponent\Class</Filter>
    </ClCompile>
    <ClCompile Include="Protector.cpp">
      <Filter>Component\Component\PlayerComponent\Class</Filter>
    </ClCompile>
    <ClCompile Include="Striker.cpp">
      <Filter>Component\Component\PlayerComponent\Class</Filter>
    </ClCompile>
    <ClCompile Include="BaseObject.cpp">
      <Filter>Object</Filter>
    </ClCompile>
    <ClCompile Include="Character.cpp">
      <Filter>Object\Actor</Filter>
    </ClCompile>
    <ClCompile Include="ClassComponent.cpp">
      <Filter>Component\Component\PlayerComponent</Filter>
    </ClCompile>
  </ItemGroup>
</Project>