
Microsoft Visual Studio Solution File, Format Version 12.00
# Visual Studio 2013
VisualStudioVersion = 12.0.30110.0
MinimumVisualStudioVersion = 10.0.40219.1
Project("{8BC9CEB8-8B4A-11D0-8D11-00A0C91BC942}") = "DebrisDefragmentation", "DebrisDefragmentation\DebrisDefragmentation.vcxproj", "{E6817DC1-1EF7-44A6-ABEB-DC9CD33AF605}"
EndProject
Project("{8BC9CEB8-8B4A-11D0-8D11-00A0C91BC942}") = "DDFramework", "DDFramework\DDFramework.vcxproj", "{3C2E53C6-E69A-4362-9F90-FEAB58AAEB4B}"
EndProject
Project("{FAE04EC0-301F-11D3-BF4B-00C04F79EFBC}") = "GameTool", "GameTool\GameTool.csproj", "{F06B844E-E986-4B8E-B9F0-2291B8964340}"
	ProjectSection(ProjectDependencies) = postProject
		{12AC7293-19EA-4285-AC5D-D6EB7CDE515A} = {12AC7293-19EA-4285-AC5D-D6EB7CDE515A}
		{3C2E53C6-E69A-4362-9F90-FEAB58AAEB4B} = {3C2E53C6-E69A-4362-9F90-FEAB58AAEB4B}
	EndProjectSection
EndProject
Project("{8BC9CEB8-8B4A-11D0-8D11-00A0C91BC942}") = "DDWrapper", "DDWrapper\DDWrapper.vcxproj", "{12AC7293-19EA-4285-AC5D-D6EB7CDE515A}"
	ProjectSection(ProjectDependencies) = postProject
		{3C2E53C6-E69A-4362-9F90-FEAB58AAEB4B} = {3C2E53C6-E69A-4362-9F90-FEAB58AAEB4B}
	EndProjectSection
EndProject
Project("{8BC9CEB8-8B4A-11D0-8D11-00A0C91BC942}") = "DD_Server", "DD_Server\DD_Server.vcxproj", "{B10C0120-13E3-43CA-91BF-1920A3CC9C58}"
EndProject
Project("{8BC9CEB8-8B4A-11D0-8D11-00A0C91BC942}") = "GameLogic", "GameLogic\GameLogic.vcxproj", "{528C19C0-239E-4031-90CC-CA342CB49AF0}"
EndProject
Project("{FAE04EC0-301F-11D3-BF4B-00C04F79EFBC}") = "IndependentGameTool", "IndependentGameTool\IndependentGameTool.csproj", "{B329CF9F-83C8-4B93-8C95-5BC35A8279CE}"
EndProject
Global
	GlobalSection(SubversionScc) = preSolution
		Svn-Managed = True
		Manager = AnkhSVN - Subversion Support for Visual Studio
	EndGlobalSection
	GlobalSection(SolutionConfigurationPlatforms) = preSolution
		Debug|Any CPU = Debug|Any CPU
		Debug|Mixed Platforms = Debug|Mixed Platforms
		Debug|Win32 = Debug|Win32
		Release|Any CPU = Release|Any CPU
		Release|Mixed Platforms = Release|Mixed Platforms
		Release|Win32 = Release|Win32
	EndGlobalSection
	GlobalSection(ProjectConfigurationPlatforms) = postSolution
		{E6817DC1-1EF7-44A6-ABEB-DC9CD33AF605}.Debug|Any CPU.ActiveCfg = Debug|Win32
		{E6817DC1-1EF7-44A6-ABEB-DC9CD33AF605}.Debug|Mixed Platforms.ActiveCfg = Debug|Win32
		{E6817DC1-1EF7-44A6-ABEB-DC9CD33AF605}.Debug|Mixed Platforms.Build.0 = Debug|Win32
		{E6817DC1-1EF7-44A6-ABEB-DC9CD33AF605}.Debug|Win32.ActiveCfg = Debug|Win32
		{E6817DC1-1EF7-44A6-ABEB-DC9CD33AF605}.Debug|Win32.Build.0 = Debug|Win32
		{E6817DC1-1EF7-44A6-ABEB-DC9CD33AF605}.Release|Any CPU.ActiveCfg = Release|Win32
		{E6817DC1-1EF7-44A6-ABEB-DC9CD33AF605}.Release|Mixed Platforms.ActiveCfg = Release|Win32
		{E6817DC1-1EF7-44A6-ABEB-DC9CD33AF605}.Release|Mixed Platforms.Build.0 = Release|Win32
		{E6817DC1-1EF7-44A6-ABEB-DC9CD33AF605}.Release|Win32.ActiveCfg = Release|Win32
		{E6817DC1-1EF7-44A6-ABEB-DC9CD33AF605}.Release|Win32.Build.0 = Release|Win32
		{3C2E53C6-E69A-4362-9F90-FEAB58AAEB4B}.Debug|Any CPU.ActiveCfg = Debug|Win32
		{3C2E53C6-E69A-4362-9F90-FEAB58AAEB4B}.Debug|Mixed Platforms.ActiveCfg = Debug|Win32
		{3C2E53C6-E69A-4362-9F90-FEAB58AAEB4B}.Debug|Mixed Platforms.Build.0 = Debug|Win32
		{3C2E53C6-E69A-4362-9F90-FEAB58AAEB4B}.Debug|Win32.ActiveCfg = Debug|Win32
		{3C2E53C6-E69A-4362-9F90-FEAB58AAEB4B}.Debug|Win32.Build.0 = Debug|Win32
		{3C2E53C6-E69A-4362-9F90-FEAB58AAEB4B}.Release|Any CPU.ActiveCfg = Release|Win32
		{3C2E53C6-E69A-4362-9F90-FEAB58AAEB4B}.Release|Mixed Platforms.ActiveCfg = Release|Win32
		{3C2E53C6-E69A-4362-9F90-FEAB58AAEB4B}.Release|Mixed Platforms.Build.0 = Release|Win32
		{3C2E53C6-E69A-4362-9F90-FEAB58AAEB4B}.Release|Win32.ActiveCfg = Release|Win32
		{3C2E53C6-E69A-4362-9F90-FEAB58AAEB4B}.Release|Win32.Build.0 = Release|Win32
		{F06B844E-E986-4B8E-B9F0-2291B8964340}.Debug|Any CPU.ActiveCfg = Debug|Any CPU
		{F06B844E-E986-4B8E-B9F0-2291B8964340}.Debug|Any CPU.Build.0 = Debug|Any CPU
		{F06B844E-E986-4B8E-B9F0-2291B8964340}.Debug|Mixed Platforms.ActiveCfg = Debug|Any CPU
		{F06B844E-E986-4B8E-B9F0-2291B8964340}.Debug|Win32.ActiveCfg = Debug|Any CPU
		{F06B844E-E986-4B8E-B9F0-2291B8964340}.Release|Any CPU.ActiveCfg = Release|Any CPU
		{F06B844E-E986-4B8E-B9F0-2291B8964340}.Release|Any CPU.Build.0 = Release|Any CPU
		{F06B844E-E986-4B8E-B9F0-2291B8964340}.Release|Mixed Platforms.ActiveCfg = Release|Any CPU
		{F06B844E-E986-4B8E-B9F0-2291B8964340}.Release|Win32.ActiveCfg = Release|Any CPU
		{12AC7293-19EA-4285-AC5D-D6EB7CDE515A}.Debug|Any CPU.ActiveCfg = Debug|Win32
		{12AC7293-19EA-4285-AC5D-D6EB7CDE515A}.Debug|Mixed Platforms.ActiveCfg = Debug|Win32
		{12AC7293-19EA-4285-AC5D-D6EB7CDE515A}.Debug|Win32.ActiveCfg = Debug|Win32
		{12AC7293-19EA-4285-AC5D-D6EB7CDE515A}.Debug|Win32.Build.0 = Debug|Win32
		{12AC7293-19EA-4285-AC5D-D6EB7CDE515A}.Release|Any CPU.ActiveCfg = Release|Win32
		{12AC7293-19EA-4285-AC5D-D6EB7CDE515A}.Release|Mixed Platforms.ActiveCfg = Release|Win32
		{12AC7293-19EA-4285-AC5D-D6EB7CDE515A}.Release|Win32.ActiveCfg = Release|Win32
		{12AC7293-19EA-4285-AC5D-D6EB7CDE515A}.Release|Win32.Build.0 = Release|Win32
		{B10C0120-13E3-43CA-91BF-1920A3CC9C58}.Debug|Any CPU.ActiveCfg = Debug|Win32
		{B10C0120-13E3-43CA-91BF-1920A3CC9C58}.Debug|Mixed Platforms.ActiveCfg = Debug|Win32
		{B10C0120-13E3-43CA-91BF-1920A3CC9C58}.Debug|Mixed Platforms.Build.0 = Debug|Win32
		{B10C0120-13E3-43CA-91BF-1920A3CC9C58}.Debug|Win32.ActiveCfg = Debug|Win32
		{B10C0120-13E3-43CA-91BF-1920A3CC9C58}.Debug|Win32.Build.0 = Debug|Win32
		{B10C0120-13E3-43CA-91BF-1920A3CC9C58}.Release|Any CPU.ActiveCfg = Release|Win32
		{B10C0120-13E3-43CA-91BF-1920A3CC9C58}.Release|Mixed Platforms.ActiveCfg = Release|Win32
		{B10C0120-13E3-43CA-91BF-1920A3CC9C58}.Release|Mixed Platforms.Build.0 = Release|Win32
		{B10C0120-13E3-43CA-91BF-1920A3CC9C58}.Release|Win32.ActiveCfg = Release|Win32
		{B10C0120-13E3-43CA-91BF-1920A3CC9C58}.Release|Win32.Build.0 = Release|Win32
		{528C19C0-239E-4031-90CC-CA342CB49AF0}.Debug|Any CPU.ActiveCfg = Debug|Win32
		{528C19C0-239E-4031-90CC-CA342CB49AF0}.Debug|Mixed Platforms.ActiveCfg = Debug|Win32
		{528C19C0-239E-4031-90CC-CA342CB49AF0}.Debug|Mixed Platforms.Build.0 = Debug|Win32
		{528C19C0-239E-4031-90CC-CA342CB49AF0}.Debug|Win32.ActiveCfg = Debug|Win32
		{528C19C0-239E-4031-90CC-CA342CB49AF0}.Debug|Win32.Build.0 = Debug|Win32
		{528C19C0-239E-4031-90CC-CA342CB49AF0}.Release|Any CPU.ActiveCfg = Release|Win32
		{528C19C0-239E-4031-90CC-CA342CB49AF0}.Release|Mixed Platforms.ActiveCfg = Release|Win32
		{528C19C0-239E-4031-90CC-CA342CB49AF0}.Release|Mixed Platforms.Build.0 = Release|Win32
		{528C19C0-239E-4031-90CC-CA342CB49AF0}.Release|Win32.ActiveCfg = Release|Win32
		{528C19C0-239E-4031-90CC-CA342CB49AF0}.Release|Win32.Build.0 = Release|Win32
		{B329CF9F-83C8-4B93-8C95-5BC35A8279CE}.Debug|Any CPU.ActiveCfg = Debug|Any CPU
		{B329CF9F-83C8-4B93-8C95-5BC35A8279CE}.Debug|Any CPU.Build.0 = Debug|Any CPU
		{B329CF9F-83C8-4B93-8C95-5BC35A8279CE}.Debug|Mixed Platforms.ActiveCfg = Debug|Any CPU
		{B329CF9F-83C8-4B93-8C95-5BC35A8279CE}.Debug|Mixed Platforms.Build.0 = Debug|Any CPU
		{B329CF9F-83C8-4B93-8C95-5BC35A8279CE}.Debug|Win32.ActiveCfg = Debug|Any CPU
		{B329CF9F-83C8-4B93-8C95-5BC35A8279CE}.Release|Any CPU.ActiveCfg = Release|Any CPU
		{B329CF9F-83C8-4B93-8C95-5BC35A8279CE}.Release|Any CPU.Build.0 = Release|Any CPU
		{B329CF9F-83C8-4B93-8C95-5BC35A8279CE}.Release|Mixed Platforms.ActiveCfg = Release|Any CPU
		{B329CF9F-83C8-4B93-8C95-5BC35A8279CE}.Release|Mixed Platforms.Build.0 = Release|Any CPU
		{B329CF9F-83C8-4B93-8C95-5BC35A8279CE}.Release|Win32.ActiveCfg = Release|Any CPU
	EndGlobalSection
	GlobalSection(SolutionProperties) = preSolution
		HideSolutionNode = FALSE
	EndGlobalSection
EndGlobal
