<?xml version="1.0" encoding="utf-8"?>
<Project ToolsVersion="4.0" xmlns="http://schemas.microsoft.com/developer/msbuild/2003">
  <ItemGroup>
    <Filter Include="Header Files">
      <UniqueIdentifier>{93995380-89BD-4b04-88EB-625FBE52EBFB}</UniqueIdentifier>
      <Extensions>h;hh;hpp;hxx;hm;inl;inc;xsd</Extensions>
    </Filter>
    <Filter Include="Logic">
      <UniqueIdentifier>{6db88c5c-aed4-4585-9f94-baf03be7b886}</UniqueIdentifier>
    </Filter>
    <Filter Include="Physics">
      <UniqueIdentifier>{1f9fa8f0-a624-4011-b983-86083908e8d3}</UniqueIdentifier>
    </Filter>
  </ItemGroup>
  <ItemGroup>
    <Text Include="ReadMe.txt" />
  </ItemGroup>
  <ItemGroup>
    <ClInclude Include="stdafx.h">
      <Filter>Header Files</Filter>
    </ClInclude>
    <ClInclude Include="targetver.h">
      <Filter>Header Files</Filter>
    </ClInclude>
    <ClInclude Include="CollisionBox.h">
      <Filter>Physics</Filter>
    </ClInclude>
    <ClInclude Include="Physics.h">
      <Filter>Physics</Filter>
    </ClInclude>
    <ClInclude Include="Actor.h">
      <Filter>Logic</Filter>
    </ClInclude>
    <ClInclude Include="ActorManager.h">
      <Filter>Logic</Filter>
    </ClInclude>
    <ClInclude Include="GameConfig.h">
      <Filter>Logic</Filter>
    </ClInclude>
  </ItemGroup>
  <ItemGroup>
    <ClCompile Include="stdafx.cpp">
      <Filter>Header Files</Filter>
    </ClCompile>
    <ClCompile Include="Actor.cpp">
      <Filter>Logic</Filter>
    </ClCompile>
    <ClCompile Include="ActorManager.cpp">
      <Filter>Logic</Filter>
    </ClCompile>
  </ItemGroup>
</Project>