<?xml version="1.0" encoding="utf-8"?>
<Project ToolsVersion="4.0" xmlns="http://schemas.microsoft.com/developer/msbuild/2003">
  <ItemGroup>
    <Filter Include="DDServer">
      <UniqueIdentifier>{f50b6728-0b08-43c8-9de7-5ea5ed1293e0}</UniqueIdentifier>
    </Filter>
    <Filter Include="Util">
      <UniqueIdentifier>{a84d72b3-ed69-40c8-a80f-2f3f650a2404}</UniqueIdentifier>
    </Filter>
    <Filter Include="Packet">
      <UniqueIdentifier>{db55624e-d08a-4435-8b17-e98a6d16e0fa}</UniqueIdentifier>
    </Filter>
    <Filter Include="Util\Log Test">
      <UniqueIdentifier>{2ef137f0-a80f-404e-9633-6eeed309d2fc}</UniqueIdentifier>
    </Filter>
  </ItemGroup>
  <ItemGroup>
    <Text Include="ReadMe.txt" />
  </ItemGroup>
  <ItemGroup>
    <ClInclude Include="stdafx.h">
      <Filter>DDServer</Filter>
    </ClInclude>
    <ClInclude Include="targetver.h">
      <Filter>DDServer</Filter>
    </ClInclude>
    <ClInclude Include="Exception.h">
      <Filter>Util</Filter>
    </ClInclude>
    <ClInclude Include="DD_Server.h">
      <Filter>DDServer</Filter>
    </ClInclude>
    <ClInclude Include="ClientManager.h">
      <Filter>DDServer</Filter>
    </ClInclude>
    <ClInclude Include="ProducerConsumerQueue.h">
      <Filter>Util</Filter>
    </ClInclude>
    <ClInclude Include="..\..\PacketType.h">
      <Filter>Packet</Filter>
    </ClInclude>
    <ClInclude Include="ClientSession.h">
      <Filter>DDServer</Filter>
    </ClInclude>
    <ClInclude Include="Config.h">
      <Filter>DDServer</Filter>
    </ClInclude>
    <ClInclude Include="CircularBuffer.h">
      <Filter>Util</Filter>
    </ClInclude>
    <ClInclude Include="ObjectPool.h">
      <Filter>Util</Filter>
    </ClInclude>
    <ClInclude Include="GameManager.h">
      <Filter>DDServer</Filter>
    </ClInclude>
    <ClInclude Include="LogManager.h">
      <Filter>Util</Filter>
    </ClInclude>
    <ClInclude Include="LoggerProperties.h">
      <Filter>Util</Filter>
    </ClInclude>
    <ClInclude Include="LogHandler.h">
      <Filter>Util\Log Test</Filter>
    </ClInclude>
  </ItemGroup>
  <ItemGroup>
    <ClCompile Include="stdafx.cpp">
      <Filter>DDServer</Filter>
    </ClCompile>
    <ClCompile Include="DD_Server.cpp">
      <Filter>DDServer</Filter>
    </ClCompile>
    <ClCompile Include="Exception.cpp">
      <Filter>Util</Filter>
    </ClCompile>
    <ClCompile Include="ClientManager.cpp">
      <Filter>DDServer</Filter>
    </ClCompile>
    <ClCompile Include="ClientSession.cpp">
      <Filter>DDServer</Filter>
    </ClCompile>
    <ClCompile Include="CircularBuffer.cpp">
      <Filter>Util</Filter>
    </ClCompile>
    <ClCompile Include="GameManager.cpp">
      <Filter>DDServer</Filter>
    </ClCompile>
    <ClCompile Include="LogManager.cpp">
      <Filter>Util</Filter>
    </ClCompile>
  </ItemGroup>
</Project>